
Microsoft Visual Studio Solution File, Format Version 12.00
# Visual Studio Version 17
VisualStudioVersion = 17.0.31903.59
MinimumVisualStudioVersion = 10.0.40219.1
Project("{2150E333-8FDC-42A3-9474-1A3956D46DE8}") = "src", "src", "{DFC7706A-9341-4D8F-9F86-FDB456DB9F8F}"
EndProject
Project("{FAE04EC0-301F-11D3-BF4B-00C04F79EFBC}") = "KISS.Misc", "src\KISS.Misc\KISS.Misc.csproj", "{1C9A611C-5673-49E7-837D-FACF6E4C73BD}"
EndProject
Project("{2150E333-8FDC-42A3-9474-1A3956D46DE8}") = "tests", "tests", "{5B9C5BE5-1039-4E86-96D1-A0D37C57E31C}"
EndProject
Project("{FAE04EC0-301F-11D3-BF4B-00C04F79EFBC}") = "KISS.QueryBuilder.Tests", "tests\KISS.QueryBuilder.Tests\KISS.QueryBuilder.Tests.csproj", "{11F7011F-2FE9-486A-A5A5-FF946768F38A}"
EndProject
Project("{FAE04EC0-301F-11D3-BF4B-00C04F79EFBC}") = "KISS.Misc.Tests", "tests\KISS.Misc.Tests\KISS.Misc.Tests.csproj", "{165745FE-D6C2-4A12-AFB8-4BAF50C3E7AC}"
EndProject
Project("{FAE04EC0-301F-11D3-BF4B-00C04F79EFBC}") = "KISS.GuardClauses", "src\KISS.GuardClauses\KISS.GuardClauses.csproj", "{6132BDEF-721D-4E55-9482-FA1FB74555C0}"
EndProject
Project("{FAE04EC0-301F-11D3-BF4B-00C04F79EFBC}") = "KISS.QueryPredicateBuilder", "src\KISS.QueryPredicateBuilder\KISS.QueryPredicateBuilder.csproj", "{FA81E26D-FA5B-43C9-8BDE-EDF535493240}"
EndProject
Project("{FAE04EC0-301F-11D3-BF4B-00C04F79EFBC}") = "KISS.FluentQueryBuilder", "src\KISS.FluentQueryBuilder\KISS.FluentQueryBuilder.csproj", "{E2DF0BFB-BEFD-470B-8355-6831E0301E82}"
EndProject
Project("{FAE04EC0-301F-11D3-BF4B-00C04F79EFBC}") = "KISS.FluentEmail", "src\KISS.FluentEmail\KISS.FluentEmail.csproj", "{25B1CFD1-1A25-45DC-87CC-A6165D2FE189}"
EndProject
Project("{FAE04EC0-301F-11D3-BF4B-00C04F79EFBC}") = "KISS.Job.Quartz", "src\KISS.Job.Quartz\KISS.Job.Quartz.csproj", "{0AD8950D-6D8F-4338-944C-6CF6B16CDA4D}"
EndProject
Project("{FAE04EC0-301F-11D3-BF4B-00C04F79EFBC}") = "KISS.Job.Quartz.Tests", "tests\KISS.Job.Quartz.Tests\KISS.Job.Quartz.Tests.csproj", "{545B4A85-E904-44E4-9332-7A2BBA9FE110}"
EndProject
Project("{FAE04EC0-301F-11D3-BF4B-00C04F79EFBC}") = "KISS.Logger.OpenTelemetry", "src\KISS.Logger.OpenTelemetry\KISS.Logger.OpenTelemetry.csproj", "{5B47E128-FA0C-401C-A493-7E6C1E41E877}"
EndProject
Project("{FAE04EC0-301F-11D3-BF4B-00C04F79EFBC}") = "KISS.QueryBuilder", "src\KISS.QueryBuilder\KISS.QueryBuilder.csproj", "{C65A9207-AFD4-4C3E-9597-F8813BEEBBAA}"
EndProject
Global
	GlobalSection(SolutionConfigurationPlatforms) = preSolution
		Debug|Any CPU = Debug|Any CPU
		Release|Any CPU = Release|Any CPU
	EndGlobalSection
	GlobalSection(SolutionProperties) = preSolution
		HideSolutionNode = FALSE
	EndGlobalSection
	GlobalSection(ProjectConfigurationPlatforms) = postSolution
		{1C9A611C-5673-49E7-837D-FACF6E4C73BD}.Debug|Any CPU.ActiveCfg = Debug|Any CPU
		{1C9A611C-5673-49E7-837D-FACF6E4C73BD}.Debug|Any CPU.Build.0 = Debug|Any CPU
		{1C9A611C-5673-49E7-837D-FACF6E4C73BD}.Release|Any CPU.ActiveCfg = Release|Any CPU
		{1C9A611C-5673-49E7-837D-FACF6E4C73BD}.Release|Any CPU.Build.0 = Release|Any CPU
		{11F7011F-2FE9-486A-A5A5-FF946768F38A}.Debug|Any CPU.ActiveCfg = Debug|Any CPU
		{11F7011F-2FE9-486A-A5A5-FF946768F38A}.Debug|Any CPU.Build.0 = Debug|Any CPU
		{11F7011F-2FE9-486A-A5A5-FF946768F38A}.Release|Any CPU.ActiveCfg = Release|Any CPU
		{11F7011F-2FE9-486A-A5A5-FF946768F38A}.Release|Any CPU.Build.0 = Release|Any CPU
		{165745FE-D6C2-4A12-AFB8-4BAF50C3E7AC}.Debug|Any CPU.ActiveCfg = Debug|Any CPU
		{165745FE-D6C2-4A12-AFB8-4BAF50C3E7AC}.Debug|Any CPU.Build.0 = Debug|Any CPU
		{165745FE-D6C2-4A12-AFB8-4BAF50C3E7AC}.Release|Any CPU.ActiveCfg = Release|Any CPU
		{165745FE-D6C2-4A12-AFB8-4BAF50C3E7AC}.Release|Any CPU.Build.0 = Release|Any CPU
		{6132BDEF-721D-4E55-9482-FA1FB74555C0}.Debug|Any CPU.ActiveCfg = Debug|Any CPU
		{6132BDEF-721D-4E55-9482-FA1FB74555C0}.Debug|Any CPU.Build.0 = Debug|Any CPU
		{6132BDEF-721D-4E55-9482-FA1FB74555C0}.Release|Any CPU.ActiveCfg = Release|Any CPU
		{6132BDEF-721D-4E55-9482-FA1FB74555C0}.Release|Any CPU.Build.0 = Release|Any CPU
		{FA81E26D-FA5B-43C9-8BDE-EDF535493240}.Debug|Any CPU.ActiveCfg = Debug|Any CPU
		{FA81E26D-FA5B-43C9-8BDE-EDF535493240}.Debug|Any CPU.Build.0 = Debug|Any CPU
		{FA81E26D-FA5B-43C9-8BDE-EDF535493240}.Release|Any CPU.ActiveCfg = Release|Any CPU
		{FA81E26D-FA5B-43C9-8BDE-EDF535493240}.Release|Any CPU.Build.0 = Release|Any CPU
		{E2DF0BFB-BEFD-470B-8355-6831E0301E82}.Debug|Any CPU.ActiveCfg = Debug|Any CPU
		{E2DF0BFB-BEFD-470B-8355-6831E0301E82}.Debug|Any CPU.Build.0 = Debug|Any CPU
		{E2DF0BFB-BEFD-470B-8355-6831E0301E82}.Release|Any CPU.ActiveCfg = Release|Any CPU
		{E2DF0BFB-BEFD-470B-8355-6831E0301E82}.Release|Any CPU.Build.0 = Release|Any CPU
		{25B1CFD1-1A25-45DC-87CC-A6165D2FE189}.Debug|Any CPU.ActiveCfg = Debug|Any CPU
		{25B1CFD1-1A25-45DC-87CC-A6165D2FE189}.Debug|Any CPU.Build.0 = Debug|Any CPU
		{25B1CFD1-1A25-45DC-87CC-A6165D2FE189}.Release|Any CPU.ActiveCfg = Release|Any CPU
		{25B1CFD1-1A25-45DC-87CC-A6165D2FE189}.Release|Any CPU.Build.0 = Release|Any CPU
		{0AD8950D-6D8F-4338-944C-6CF6B16CDA4D}.Debug|Any CPU.ActiveCfg = Debug|Any CPU
		{0AD8950D-6D8F-4338-944C-6CF6B16CDA4D}.Debug|Any CPU.Build.0 = Debug|Any CPU
		{0AD8950D-6D8F-4338-944C-6CF6B16CDA4D}.Release|Any CPU.ActiveCfg = Release|Any CPU
		{0AD8950D-6D8F-4338-944C-6CF6B16CDA4D}.Release|Any CPU.Build.0 = Release|Any CPU
		{545B4A85-E904-44E4-9332-7A2BBA9FE110}.Debug|Any CPU.ActiveCfg = Debug|Any CPU
		{545B4A85-E904-44E4-9332-7A2BBA9FE110}.Debug|Any CPU.Build.0 = Debug|Any CPU
		{545B4A85-E904-44E4-9332-7A2BBA9FE110}.Release|Any CPU.ActiveCfg = Release|Any CPU
		{545B4A85-E904-44E4-9332-7A2BBA9FE110}.Release|Any CPU.Build.0 = Release|Any CPU
		{5B47E128-FA0C-401C-A493-7E6C1E41E877}.Debug|Any CPU.ActiveCfg = Debug|Any CPU
		{5B47E128-FA0C-401C-A493-7E6C1E41E877}.Debug|Any CPU.Build.0 = Debug|Any CPU
		{5B47E128-FA0C-401C-A493-7E6C1E41E877}.Release|Any CPU.ActiveCfg = Release|Any CPU
		{5B47E128-FA0C-401C-A493-7E6C1E41E877}.Release|Any CPU.Build.0 = Release|Any CPU
		{C65A9207-AFD4-4C3E-9597-F8813BEEBBAA}.Debug|Any CPU.ActiveCfg = Debug|Any CPU
		{C65A9207-AFD4-4C3E-9597-F8813BEEBBAA}.Debug|Any CPU.Build.0 = Debug|Any CPU
		{C65A9207-AFD4-4C3E-9597-F8813BEEBBAA}.Release|Any CPU.ActiveCfg = Release|Any CPU
		{C65A9207-AFD4-4C3E-9597-F8813BEEBBAA}.Release|Any CPU.Build.0 = Release|Any CPU
	EndGlobalSection
	GlobalSection(NestedProjects) = preSolution
		{1C9A611C-5673-49E7-837D-FACF6E4C73BD} = {DFC7706A-9341-4D8F-9F86-FDB456DB9F8F}
		{11F7011F-2FE9-486A-A5A5-FF946768F38A} = {5B9C5BE5-1039-4E86-96D1-A0D37C57E31C}
		{165745FE-D6C2-4A12-AFB8-4BAF50C3E7AC} = {5B9C5BE5-1039-4E86-96D1-A0D37C57E31C}
		{6132BDEF-721D-4E55-9482-FA1FB74555C0} = {DFC7706A-9341-4D8F-9F86-FDB456DB9F8F}
		{FA81E26D-FA5B-43C9-8BDE-EDF535493240} = {DFC7706A-9341-4D8F-9F86-FDB456DB9F8F}
		{E2DF0BFB-BEFD-470B-8355-6831E0301E82} = {DFC7706A-9341-4D8F-9F86-FDB456DB9F8F}
		{25B1CFD1-1A25-45DC-87CC-A6165D2FE189} = {DFC7706A-9341-4D8F-9F86-FDB456DB9F8F}
		{0AD8950D-6D8F-4338-944C-6CF6B16CDA4D} = {DFC7706A-9341-4D8F-9F86-FDB456DB9F8F}
		{545B4A85-E904-44E4-9332-7A2BBA9FE110} = {5B9C5BE5-1039-4E86-96D1-A0D37C57E31C}
		{5B47E128-FA0C-401C-A493-7E6C1E41E877} = {DFC7706A-9341-4D8F-9F86-FDB456DB9F8F}
		{C65A9207-AFD4-4C3E-9597-F8813BEEBBAA} = {DFC7706A-9341-4D8F-9F86-FDB456DB9F8F}
	EndGlobalSection
EndGlobal
